[[package]]
category = "main"
description = "Asyncio support for PEP-567 contextvars backport."
marker = "python_version < \"3.7\" and python_version > \"2.7\""
name = "aiocontextvars"
optional = false
python-versions = ">=3.5"
version = "0.2.2"

[package.dependencies]
[package.dependencies.contextvars]
python = "<3.7"
version = "2.4"

[[package]]
category = "dev"
description = "apipkg: namespace control and lazy-import mechanism"
name = "apipkg"
optional = false
python-versions = ">=2.7, !=3.0.*, !=3.1.*, !=3.2.*, !=3.3.*"
version = "1.5"

[[package]]
category = "dev"
description = "Disable App Nap on OS X 10.9"
marker = "sys_platform == \"darwin\""
name = "appnope"
optional = false
python-versions = "*"
version = "0.1.0"

[[package]]
category = "main"
description = "Async generators and context managers for Python 3.5+"
name = "async-generator"
optional = false
python-versions = ">=3.5"
version = "1.10"

[[package]]
category = "dev"
description = "Enhance the standard unittest package with features for testing asyncio libraries"
name = "asynctest"
optional = false
python-versions = ">=3.5"
version = "0.13.0"

[[package]]
category = "dev"
description = "Atomic file writes."
name = "atomicwrites"
optional = false
python-versions = ">=2.7, !=3.0.*, !=3.1.*, !=3.2.*, !=3.3.*"
version = "1.3.0"

[[package]]
category = "main"
description = "Classes Without Boilerplate"
name = "attrs"
optional = false
python-versions = ">=2.7, !=3.0.*, !=3.1.*, !=3.2.*, !=3.3.*"
version = "19.1.0"

[[package]]
category = "dev"
description = "Specifications for callback functions passed in to an API"
name = "backcall"
optional = false
python-versions = "*"
version = "0.1.0"

[[package]]
category = "main"
description = "When they're not builtins, they're boltons."
name = "boltons"
optional = false
python-versions = "*"
version = "19.1.0"

[[package]]
category = "main"
description = "A decorator for caching properties in classes."
name = "cached-property"
optional = false
python-versions = "*"
version = "1.5.1"

[[package]]
category = "main"
description = "Foreign Function Interface for Python calling C code."
marker = "os_name == \"nt\""
name = "cffi"
optional = false
python-versions = "*"
version = "1.12.3"

[package.dependencies]
pycparser = "*"

[[package]]
category = "dev"
description = "Cross-platform colored terminal text."
marker = "sys_platform == \"win32\""
name = "colorama"
optional = false
python-versions = ">=2.7, !=3.0.*, !=3.1.*, !=3.2.*, !=3.3.*"
version = "0.4.1"

[[package]]
category = "main"
description = "PEP 567 Backport"
marker = "python_version < \"3.7\" and python_version > \"2.7\" or python_version < \"3.7\""
name = "contextvars"
optional = false
python-versions = "*"
version = "2.4"

[package.dependencies]
immutables = ">=0.9"

[[package]]
category = "dev"
description = "Code coverage measurement for Python"
name = "coverage"
optional = false
python-versions = "*"
version = "4.4.2"

[[package]]
category = "main"
description = "Better living through Python with decorators"
name = "decorator"
optional = false
python-versions = ">=2.6, !=3.0.*, !=3.1.*"
version = "4.4.0"

[[package]]
category = "main"
description = ""
name = "dependencies"
optional = false
python-versions = "~2.7 || >=3.5"
version = "0.16.dev"

[package.source]
reference = "04d594ef5bd41c2af42a5158003cf1c56eb6ed0c"
type = "git"
url = "git@github.com:thedrow/dependencies.git"

[[package]]
category = "main"
description = "Logging library that tells you why it happened"
name = "eliot"
optional = false
python-versions = ">=3.5.*"
version = "1.9.0"

[package.dependencies]
boltons = ">=19.0.1"
pyrsistent = ">=0.11.8"
six = "*"
"zope.interface" = "*"

[package.dependencies.aiocontextvars]
python = ">=2.8,<3.7"
version = "*"

[[package]]
category = "dev"
description = "execnet: rapid multi-Python deployment"
name = "execnet"
optional = false
python-versions = ">=2.7, !=3.0.*, !=3.1.*, !=3.2.*, !=3.3.*"
version = "1.6.1"

[package.dependencies]
apipkg = ">=1.4"

[[package]]
category = "dev"
description = "A platform independent file lock."
name = "filelock"
optional = false
python-versions = "*"
version = "3.0.12"

[[package]]
category = "dev"
description = "A library for property based testing"
name = "hypothesis"
optional = false
python-versions = ">=2.7, !=3.0.*, !=3.1.*, !=3.2.*, !=3.3.*, !=3.4.*"
version = "4.31.0"

[package.dependencies]
attrs = ">=16.0.0"

[[package]]
category = "dev"
description = "A Hypothesis strategy for generating NetworkX graphs"
name = "hypothesis-networkx"
optional = false
python-versions = "*"
version = "0.2.0"

[package.dependencies]
hypothesis = "*"
networkx = ">=2.0,<3.0"
pbr = "*"

[[package]]
category = "main"
description = "Internationalized Domain Names in Applications (IDNA)"
name = "idna"
optional = false
python-versions = ">=2.7, !=3.0.*, !=3.1.*, !=3.2.*, !=3.3.*"
version = "2.8"

[[package]]
category = "main"
description = "Immutable Collections"
marker = "python_version < \"3.7\" and python_version > \"2.7\" or python_version < \"3.7\""
name = "immutables"
optional = false
python-versions = "*"
version = "0.9"

[[package]]
category = "dev"
description = "Read metadata from Python packages"
name = "importlib-metadata"
optional = false
python-versions = ">=2.7,!=3.0,!=3.1,!=3.2,!=3.3"
version = "0.18"

[package.dependencies]
zipp = ">=0.5"

[[package]]
category = "dev"
description = "IPython: Productive Interactive Computing"
name = "ipython"
optional = false
python-versions = ">=3.5"
version = "7.6.1"

[package.dependencies]
appnope = "*"
backcall = "*"
colorama = "*"
decorator = "*"
jedi = ">=0.10"
pexpect = "*"
pickleshare = "*"
prompt-toolkit = ">=2.0.0,<2.1.0"
pygments = "*"
setuptools = ">=18.5"
traitlets = ">=4.2"

[package.dependencies.win-unicode-console]
python = "<3.6"
version = ">=0.5"

[[package]]
category = "dev"
description = "Vestigial utilities from IPython"
name = "ipython-genutils"
optional = false
python-versions = "*"
version = "0.2.0"

[[package]]
category = "dev"
description = "A Python utility / library to sort Python imports."
name = "isort"
optional = false
python-versions = ">=2.7, !=3.0.*, !=3.1.*, !=3.2.*, !=3.3.*"
version = "4.3.21"

[[package]]
category = "dev"
description = "An autocompletion tool for Python that can be used for text editors."
name = "jedi"
optional = false
python-versions = ">=2.7, !=3.0.*, !=3.1.*, !=3.2.*, !=3.3.*"
version = "0.14.1"

[package.dependencies]
parso = ">=0.5.0"

[[package]]
category = "dev"
description = "More routines for operating on iterables, beyond itertools"
name = "more-itertools"
optional = false
python-versions = ">=3.4"
version = "7.2.0"

[[package]]
category = "dev"
description = "Prefetch elements from a Python generator in the background, from a separate process"
name = "multiprocessing-generator"
optional = false
python-versions = "*"
version = "0.2"

[[package]]
category = "main"
description = "Python package for creating and manipulating graphs and networks"
name = "networkx"
optional = false
python-versions = ">=3.5"
version = "2.3"

[package.dependencies]
decorator = ">=4.3.0"

[[package]]
category = "main"
description = "Capture the outcome of Python function calls."
name = "outcome"
optional = false
python-versions = ">=2.7, !=3.0.*, !=3.1.*, !=3.2.*, !=3.3.*"
version = "1.0.0"

[package.dependencies]
attrs = "*"

[[package]]
category = "dev"
description = "Core utilities for Python packages"
name = "packaging"
optional = false
python-versions = ">=2.7, !=3.0.*, !=3.1.*, !=3.2.*, !=3.3.*"
version = "19.0"

[package.dependencies]
pyparsing = ">=2.0.2"
six = "*"

[[package]]
category = "dev"
description = "A Python Parser"
name = "parso"
optional = false
python-versions = "*"
version = "0.5.1"

[[package]]
category = "dev"
description = "Object-oriented filesystem paths"
marker = "python_version < \"3.6\""
name = "pathlib2"
optional = false
python-versions = "*"
version = "2.3.4"

[package.dependencies]
six = "*"

[[package]]
category = "dev"
description = "Python Build Reasonableness"
name = "pbr"
optional = false
python-versions = "*"
version = "5.4.1"

[[package]]
category = "dev"
description = "Pexpect allows easy control of interactive console applications."
marker = "sys_platform != \"win32\""
name = "pexpect"
optional = false
python-versions = "*"
version = "4.7.0"

[package.dependencies]
ptyprocess = ">=0.5"

[[package]]
category = "dev"
description = "Tiny 'shelve'-like database with concurrency support"
name = "pickleshare"
optional = false
python-versions = "*"
version = "0.7.5"

[[package]]
category = "dev"
description = "plugin and hook calling mechanisms for python"
name = "pluggy"
optional = false
python-versions = ">=2.7, !=3.0.*, !=3.1.*, !=3.2.*, !=3.3.*"
version = "0.12.0"

[package.dependencies]
importlib-metadata = ">=0.12"

[[package]]
category = "dev"
description = "Library for building powerful interactive command lines in Python"
name = "prompt-toolkit"
optional = false
python-versions = "*"
version = "2.0.9"

[package.dependencies]
six = ">=1.9.0"
wcwidth = "*"

[[package]]
category = "dev"
description = "Run a subprocess in a pseudo terminal"
marker = "sys_platform != \"win32\""
name = "ptyprocess"
optional = false
python-versions = "*"
version = "0.6.0"

[[package]]
category = "dev"
description = "library with cross-python path, ini-parsing, io, code, log facilities"
name = "py"
optional = false
python-versions = ">=2.7, !=3.0.*, !=3.1.*, !=3.2.*, !=3.3.*"
version = "1.8.0"

[[package]]
category = "dev"
description = "Python style guide checker"
name = "pycodestyle"
optional = false
python-versions = ">=2.7, !=3.0.*, !=3.1.*, !=3.2.*, !=3.3.*"
version = "2.5.0"

[[package]]
category = "main"
description = "C parser in Python"
marker = "os_name == \"nt\""
name = "pycparser"
optional = false
python-versions = ">=2.7, !=3.0.*, !=3.1.*, !=3.2.*, !=3.3.*"
version = "2.19"

[[package]]
category = "dev"
description = "Pygments is a syntax highlighting package written in Python."
name = "pygments"
optional = false
python-versions = ">=2.7, !=3.0.*, !=3.1.*, !=3.2.*, !=3.3.*, !=3.4.*"
version = "2.4.2"

[[package]]
category = "dev"
description = "Python parsing module"
name = "pyparsing"
optional = false
python-versions = ">=2.6, !=3.0.*, !=3.1.*, !=3.2.*"
version = "2.4.1.1"

[[package]]
category = "main"
description = "Persistent/Functional/Immutable data structures"
name = "pyrsistent"
optional = false
python-versions = "*"
version = "0.15.3"

[package.dependencies]
six = "*"

[[package]]
category = "dev"
description = "pytest: simple powerful testing with Python"
name = "pytest"
optional = false
python-versions = ">=3.5"
version = "5.0.1"

[package.dependencies]
atomicwrites = ">=1.0"
attrs = ">=17.4.0"
colorama = "*"
importlib-metadata = ">=0.12"
more-itertools = ">=4.0.0"
packaging = "*"
pluggy = ">=0.12,<1.0"
py = ">=1.5.0"
wcwidth = "*"

[package.dependencies.pathlib2]
python = "<3.6"
version = ">=2.2.0"

[[package]]
category = "dev"
description = "Pytest plugin for measuring coverage."
name = "pytest-cov"
optional = false
python-versions = ">=2.7, !=3.0.*, !=3.1.*, !=3.2.*, !=3.3.*"
version = "2.7.1"

[package.dependencies]
coverage = ">=4.4"
pytest = ">=3.6"

[[package]]
category = "dev"
description = "run tests in isolated forked subprocesses"
name = "pytest-forked"
optional = false
python-versions = "*"
version = "1.0.2"

[package.dependencies]
pytest = ">=3.1.0"

[[package]]
category = "dev"
description = "Thin-wrapper around the mock package for easier use with py.test"
name = "pytest-mock"
optional = false
python-versions = ">=2.7, !=3.0.*, !=3.1.*, !=3.2.*, !=3.3.*"
version = "1.10.4"

[package.dependencies]
pytest = ">=2.7"

[[package]]
category = "dev"
description = "pytest plugin to run your tests in a specific order"
name = "pytest-ordering"
optional = false
python-versions = "*"
version = "0.6"

[package.dependencies]
pytest = "*"

[[package]]
category = "dev"
description = "Pytest plugin for trio"
name = "pytest-trio"
optional = false
python-versions = ">=3.5"
version = "0.5.2"

[package.dependencies]
async-generator = ">=1.9"
pytest = ">=3.6"
trio = ">=0.11"

[[package]]
category = "dev"
description = "pytest xdist plugin for distributed testing and loop-on-failing modes"
name = "pytest-xdist"
optional = false
python-versions = ">=2.7, !=3.0.*, !=3.1.*, !=3.2.*, !=3.3.*"
version = "1.29.0"

[package.dependencies]
execnet = ">=1.1"
pytest = ">=4.4.0"
pytest-forked = "*"
six = "*"

[[package]]
category = "main"
description = "Python 2 and 3 compatibility utilities"
name = "six"
optional = false
python-versions = ">=2.6, !=3.0.*, !=3.1.*"
version = "1.12.0"

[[package]]
category = "main"
description = "Sniff out which async library your code is running under"
name = "sniffio"
optional = false
python-versions = ">=3.5"
version = "1.1.0"

[package.dependencies]
[package.dependencies.contextvars]
python = "<3.7"
version = ">=2.1"

[[package]]
category = "main"
description = "Sorted Containers -- Sorted List, Sorted Dict, Sorted Set"
name = "sortedcontainers"
optional = false
python-versions = "*"
version = "2.1.0"

[[package]]
category = "dev"
description = "Python Library for Tom's Obvious, Minimal Language"
name = "toml"
optional = false
python-versions = "*"
version = "0.10.0"

[[package]]
category = "dev"
description = "tox is a generic virtualenv management and test command line tool"
name = "tox"
optional = false
python-versions = ">=2.7, !=3.0.*, !=3.1.*, !=3.2.*, !=3.3.*"
version = "3.13.2"

[package.dependencies]
filelock = ">=3.0.0,<4"
importlib-metadata = ">=0.12,<1"
packaging = ">=14"
pluggy = ">=0.12.0,<1"
py = ">=1.4.17,<2"
six = ">=1.0.0,<2"
toml = ">=0.9.4"
virtualenv = ">=14.0.0"

[[package]]
category = "dev"
description = "Traitlets Python config system"
name = "traitlets"
optional = false
python-versions = "*"
version = "4.3.2"

[package.dependencies]
decorator = "*"
ipython-genutils = "*"
six = "*"

[[package]]
category = "main"
description = "An async/await-native I/O library for humans and snake people"
name = "trio"
optional = false
python-versions = ">=3.5"
version = "0.11.0"

[package.dependencies]
async-generator = ">=1.9"
attrs = ">=18.2.0"
cffi = "*"
idna = "*"
outcome = "*"
sniffio = "*"
sortedcontainers = "*"

[package.dependencies.contextvars]
python = "<3.7"
version = ">=2.1"

[[package]]
category = "dev"
description = "Virtual Python Environment builder"
name = "virtualenv"
optional = false
python-versions = ">=2.7, !=3.0.*, !=3.1.*, !=3.2.*, !=3.3.*"
version = "16.7.1"

[[package]]
category = "dev"
description = "Measures number of Terminal column cells of wide-character codes"
name = "wcwidth"
optional = false
python-versions = "*"
version = "0.1.7"

[[package]]
category = "dev"
description = "Enable Unicode input and display when running Python from Windows console."
marker = "sys_platform == \"win32\" and python_version < \"3.6\""
name = "win-unicode-console"
optional = false
python-versions = "*"
version = "0.5"

[[package]]
category = "dev"
description = "Backport of pathlib-compatible object wrapper for zip files"
name = "zipp"
optional = false
python-versions = ">=2.7"
version = "0.5.2"

[[package]]
category = "main"
description = "Interfaces for Python"
name = "zope.interface"
optional = false
python-versions = ">=2.7, !=3.0.*, !=3.1.*, !=3.2.*, !=3.3.*"
version = "4.6.0"

[package.dependencies]
setuptools = "*"

[metadata]
content-hash = "b225e331ec4a1b9be7c6e70fca69743e0fb03149828f303be056f24a0e6cb067"
python-versions = ">=3.5"

[metadata.hashes]
aiocontextvars = ["885daf8261818767d8f7cbd79f9d4482d118f024b6586ef6e67980236a27bfa3", "f027372dc48641f683c559f247bd84962becaacdc9ba711d583c3871fb5652aa"]
apipkg = ["37228cda29411948b422fae072f57e31d3396d2ee1c9783775980ee9c9990af6", "58587dd4dc3daefad0487f6d9ae32b4542b185e1c36db6993290e7c41ca2b47c"]
appnope = ["5b26757dc6f79a3b7dc9fab95359328d5747fcb2409d331ea66d0272b90ab2a0", "8b995ffe925347a2138d7ac0fe77155e4311a0ea6d6da4f5128fe4b3cbe5ed71"]
async-generator = ["01c7bf666359b4967d2cda0000cc2e4af16a0ae098cbffcb8472fb9e8ad6585b", "6ebb3d106c12920aaae42ccb6f787ef5eefdcdd166ea3d628fa8476abe712144"]
asynctest = ["5da6118a7e6d6b54d83a8f7197769d046922a44d2a99c21382f0a6e4fadae676", "c27862842d15d83e6a34eb0b2866c323880eb3a75e4485b079ea11748fd77fac"]
atomicwrites = ["03472c30eb2c5d1ba9227e4c2ca66ab8287fbfbbda3888aa93dc2e28fc6811b4", "75a9445bac02d8d058d5e1fe689654ba5a6556a1dfd8ce6ec55a0ed79866cfa6"]
attrs = ["69c0dbf2ed392de1cb5ec704444b08a5ef81680a61cb899dc08127123af36a79", "f0b870f674851ecbfbbbd364d6b5cbdff9dcedbc7f3f5e18a6891057f21fe399"]
backcall = ["38ecd85be2c1e78f77fd91700c76e14667dc21e2713b63876c0eb901196e01e4", "bbbf4b1e5cd2bdb08f915895b51081c041bac22394fdfcfdfbe9f14b77c08bf2"]
boltons = ["7aa10b0f5b015678458a7d0422961fc0c7e823c05e644094c0e564931ce0b0df", "c32b2d121331a9bc7c220050d4273f3aa359b7569cb4794188e71524603113dc"]
cached-property = ["3a026f1a54135677e7da5ce819b0c690f156f37976f3e30c5430740725203d7f", "9217a59f14a5682da7c4b8829deadbfc194ac22e9908ccf7c8820234e80a1504"]
cffi = ["041c81822e9f84b1d9c401182e174996f0bae9991f33725d059b771744290774", "046ef9a22f5d3eed06334d01b1e836977eeef500d9b78e9ef693f9380ad0b83d", "066bc4c7895c91812eff46f4b1c285220947d4aa46fa0a2651ff85f2afae9c90", "066c7ff148ae33040c01058662d6752fd73fbc8e64787229ea8498c7d7f4041b", "2444d0c61f03dcd26dbf7600cf64354376ee579acad77aef459e34efcb438c63", "300832850b8f7967e278870c5d51e3819b9aad8f0a2c8dbe39ab11f119237f45", "34c77afe85b6b9e967bd8154e3855e847b70ca42043db6ad17f26899a3df1b25", "46de5fa00f7ac09f020729148ff632819649b3e05a007d286242c4882f7b1dc3", "4aa8ee7ba27c472d429b980c51e714a24f47ca296d53f4d7868075b175866f4b", "4d0004eb4351e35ed950c14c11e734182591465a33e960a4ab5e8d4f04d72647", "4e3d3f31a1e202b0f5a35ba3bc4eb41e2fc2b11c1eff38b362de710bcffb5016", "50bec6d35e6b1aaeb17f7c4e2b9374ebf95a8975d57863546fa83e8d31bdb8c4", "55cad9a6df1e2a1d62063f79d0881a414a906a6962bc160ac968cc03ed3efcfb", "5662ad4e4e84f1eaa8efce5da695c5d2e229c563f9d5ce5b0113f71321bcf753", "59b4dc008f98fc6ee2bb4fd7fc786a8d70000d058c2bbe2698275bc53a8d3fa7", "73e1ffefe05e4ccd7bcea61af76f36077b914f92b76f95ccf00b0c1b9186f3f9", "a1f0fd46eba2d71ce1589f7e50a9e2ffaeb739fb2c11e8192aa2b45d5f6cc41f", "a2e85dc204556657661051ff4bab75a84e968669765c8a2cd425918699c3d0e8", "a5457d47dfff24882a21492e5815f891c0ca35fefae8aa742c6c263dac16ef1f", "a8dccd61d52a8dae4a825cdbb7735da530179fea472903eb871a5513b5abbfdc", "ae61af521ed676cf16ae94f30fe202781a38d7178b6b4ab622e4eec8cefaff42", "b012a5edb48288f77a63dba0840c92d0504aa215612da4541b7b42d849bc83a3", "d2c5cfa536227f57f97c92ac30c8109688ace8fa4ac086d19d0af47d134e2909", "d42b5796e20aacc9d15e66befb7a345454eef794fdb0737d1af593447c6c8f45", "dee54f5d30d775f525894d67b1495625dd9322945e7fee00731952e0368ff42d", "e070535507bd6aa07124258171be2ee8dfc19119c28ca94c9dfb7efd23564512", "e1ff2748c84d97b065cc95429814cdba39bcbd77c9c85c89344b317dc0d9cbff", "ed851c75d1e0e043cbf5ca9a8e1b13c4c90f3fbd863dacb01c0808e2b5204201"]
colorama = ["05eed71e2e327246ad6b38c540c4a3117230b19679b875190486ddd2d721422d", "f8ac84de7840f5b9c4e3347b3c1eaa50f7e49c2b07596221daec5edaabbd7c48"]
contextvars = ["f38c908aaa59c14335eeea12abea5f443646216c4e29380d7bf34d2018e2c39e"]
coverage = ["007eeef7e23f9473622f7d94a3e029a45d55a92a1f083f0f3512f5ab9a669b05", "0388c12539372bb92d6dde68b4627f0300d948965bbb7fc104924d715fdc0965", "079248312838c4c8f3494934ab7382a42d42d5f365f0cf7516f938dbb3f53f3f", "17307429935f96c986a1b1674f78079528833410750321d22b5fb35d1883828e", "1afccd7e27cac1b9617be8c769f6d8a6d363699c9b86820f40c74cfb3328921c", "2ad357d12971e77360034c1596011a03f50c0f9e1ecd12e081342b8d1aee2236", "2b4d7f03a8a6632598cbc5df15bbca9f778c43db7cf1a838f4fa2c8599a8691a", "2e1a5c6adebb93c3b175103c2f855eda957283c10cf937d791d81bef8872d6ca", "309d91bd7a35063ec7a0e4d75645488bfab3f0b66373e7722f23da7f5b0f34cc", "358d635b1fc22a425444d52f26287ae5aea9e96e254ff3c59c407426f44574f4", "3f4d0b3403d3e110d2588c275540649b1841725f5a11a7162620224155d00ba2", "43a155eb76025c61fc20c3d03b89ca28efa6f5be572ab6110b2fb68eda96bfea", "493082f104b5ca920e97a485913de254cbe351900deed72d4264571c73464cd0", "4c4f368ffe1c2e7602359c2c50233269f3abe1c48ca6b288dcd0fb1d1c679733", "5ff16548492e8a12e65ff3d55857ccd818584ed587a6c2898a9ebbe09a880674", "66f393e10dd866be267deb3feca39babba08ae13763e0fc7a1063cbe1f8e49f6", "700d7579995044dc724847560b78ac786f0ca292867447afda7727a6fbaa082e", "81912cfe276e0069dca99e1e4e6be7b06b5fc8342641c6b472cb2fed7de7ae18", "82cbd3317320aa63c65555aa4894bf33a13fb3a77f079059eb5935eea415938d", "845fddf89dca1e94abe168760a38271abfc2e31863fbb4ada7f9a99337d7c3dc", "87d942863fe74b1c3be83a045996addf1639218c2cb89c5da18c06c0fe3917ea", "9721f1b7275d3112dc7ccf63f0553c769f09b5c25a26ee45872c7f5c09edf6c1", "a4497faa4f1c0fc365ba05eaecfb6b5d24e3c8c72e95938f9524e29dadb15e76", "a7cfaebd8f24c2b537fa6a271229b051cdac9c1734bb6f939ccfc7c055689baa", "ab3508df9a92c1d3362343d235420d08e2662969b83134f8a97dc1451cbe5e84", "b0059630ca5c6b297690a6bf57bf2fdac1395c24b7935fd73ee64190276b743b", "b6cebae1502ce5b87d7c6f532fa90ab345cfbda62b95aeea4e431e164d498a3d", "bd4800e32b4c8d99c3a2c943f1ac430cbf80658d884123d19639bcde90dad44a", "cdd92dd9471e624cd1d8c1a2703d25f114b59b736b0f1f659a98414e535ffb3d", "d00e29b78ff610d300b2c37049a41234d48ea4f2d2581759ebcf67caaf731c31", "d1ee76f560c3c3e8faada866a07a32485445e16ed2206ac8378bd90dadffb9f0", "dd707a21332615108b736ef0b8513d3edaf12d2a7d5fc26cd04a169a8ae9b526", "e3ba9b14607c23623cf38f90b23f5bed4a3be87cbfa96e2e9f4eabb975d1e98b", "e9a0e1caed2a52f15c96507ab78a48f346c05681a49c5b003172f8073da6aa6b", "eea9135432428d3ca7ee9be86af27cb8e56243f73764a9b6c3e0bda1394916be", "f29841e865590af72c4b90d7b5b8e93fd560f5dea436c1d5ee8053788f9285de", "f3a5c6d054c531536a83521c00e5d4004f1e126e2e2556ce399bef4180fbe540", "f87f522bde5540d8a4b11df80058281ac38c44b13ce29ced1e294963dd51a8f8", "f8c55dd0f56d3d618dfacf129e010cbe5d5f94b6951c1b2f13ab1a2f79c284da", "f98b461cb59f117887aa634a66022c0bd394278245ed51189f63a036516e32de"]
decorator = ["86156361c50488b84a3f148056ea716ca587df2f0de1d34750d35c21312725de", "f069f3a01830ca754ba5258fde2278454a0b5b79e0d7f5c13b3b97e57d4acff6"]
dependencies = []
eliot = ["667428971fc9bb636eae3fa613043ebb85389a520545726b4818f8ed8d734f26", "9f0e32a5aa678b90660c94f1cfee61b0244a6d91ace294d5ea42fb7163af73b9"]
execnet = ["64dcdc248d007060f6f6500e7c79a4f87ee692063e3ec51e9bebf30ef2ea21d7", "dfd10a5663f94d1235e6fbee86bc53e2f89b6f15e031e7e6d9e4bb345bcd7e52"]
filelock = ["18d82244ee114f543149c66a6e0c14e9c4f8a1044b5cdaadd0f82159d6a6ff59", "929b7d63ec5b7d6b71b0fa5ac14e030b3f70b75747cef1b10da9b879fef15836"]
hypothesis = ["ea90434a4ad920cc39a69a4f320b9e649eb09308865677e62f5bcd3101e86d66", "ee0ad8885964ffb8a5a00c0bac76b9e0576fc033e32b38c050a3559ffd48ebf9"]
hypothesis-networkx = ["51509fbccefeecc31c33cf57ab9fb9b9c572a483322adfae9a1e73af8b58a30d"]
idna = ["c357b3f628cf53ae2c4c05627ecc484553142ca23264e593d327bcde5e9c3407", "ea8b7f6188e6fa117537c3df7da9fc686d485087abf6ac197f9c46432f7e4a3c"]
immutables = ["10861f2a2b86139f0c91d5073392d76117f37e84f912dc47c943c23a64008cc7", "3e23eeb4bc55d57b2a97bef4c1a2891bbb731050b4167c855545797d45e84e45", "4373876879f147986808f71e6ca02380192a279e8b8d45832f6fed4e7f717562", "46f9122da033fecf84d7f4c6257aec780f370b20f3ce6bc521702b63ee3d99f7", "5104db6102e53702af45c6b0af36e45a80970123b11a80c14e0fce48444cdbe3", "59274bcb631f4fdc9731e9a4a96d16d96b3a17e29fd5e46516518f38406f678f", "65a9c624e50ca5c50464dbf432996b5c4f056a411bcff5690ef4cab59f913f99", "b64e0672497b884d21170ca61c693da8488d77f043650efa7911378cbbad0f2c", "b70655dba00742b033310933066a2202e1cfbbb0f63841b4597cd8787974b242", "c3d8c238a6f9b60355578579563773348674b6da63c1a0d7394384ed341f3d41", "cd66bcd11b6a1c1a80fb8d90e25870ff2d5c705ab5eb9666355a33d3fef6ac70", "d59310fc4f97c1ff8c3660cb98032db266ac0c285a86ca7a512e8e84a95f44c9", "d71d1c822498646143270580dd6f743bb31ab89ae0ded8b2307c356d3a00f1c0", "f53da698b42db83cfb1f5073560838051430798c8d8e34a57a27031edbc3041d", "f958ba15745e30d3a38e3c9fcead8496037135bb21c78c0f925c104abba3a6fa", "ff95e2aa618eed1a0ef4479938f18f3522c89562b9bbb59d677597c0337569dd"]
importlib-metadata = ["6dfd58dfe281e8d240937776065dd3624ad5469c835248219bd16cf2e12dbeb7", "cb6ee23b46173539939964df59d3d72c3e0c1b5d54b84f1d8a7e912fe43612db"]
ipython = ["11067ab11d98b1e6c7f0993506f7a5f8a91af420f7e82be6575fcb7a6ca372a0", "60bc55c2c1d287161191cc2469e73c116d9b634cff25fe214a43cba7cec94c79"]
ipython-genutils = ["72dd37233799e619666c9f639a9da83c34013a73e8bbc79a7a6348d93c61fab8", "eb2e116e75ecef9d4d228fdc66af54269afa26ab4463042e33785b887c628ba8"]
isort = ["54da7e92468955c4fceacd0c86bd0ec997b0e1ee80d97f67c35a78b719dccab1", "6e811fcb295968434526407adb8796944f1988c5b65e8139058f2014cbe100fd"]
jedi = ["53c850f1a7d3cfcd306cc513e2450a54bdf5cacd7604b74e42dd1f0758eaaf36", "e07457174ef7cb2342ff94fa56484fe41cec7ef69b0059f01d3f812379cb6f7c"]
more-itertools = ["409cd48d4db7052af495b09dec721011634af3753ae1ef92d2b32f73a745f832", "92b8c4b06dac4f0611c0729b2f2ede52b2e1bac1ab48f089c7ddc12e26bb60c4"]
multiprocessing-generator = ["ec68ae1ad4f79290c540ea370e8dc3aa281eb3a974fddbdfc03ab22828f3b7e8"]
networkx = ["8311ddef63cf5c5c5e7c1d0212dd141d9a1fe3f474915281b73597ed5f1d4e3d"]
outcome = ["7357af9ba2a08fdff8c742818909c5d146fc1fe75aee4bddadaa4f8ad726d262", "9d58c05db36a900ce60c6da0167d76e28869f64b338d60fa3a61841cfa54ac71"]
packaging = ["0c98a5d0be38ed775798ece1b9727178c4469d9c3b4ada66e8e6b7849f8732af", "9e1cbf8c12b1f1ce0bb5344b8d7ecf66a6f8a6e91bcb0c84593ed6d3ab5c4ab3"]
parso = ["63854233e1fadb5da97f2744b6b24346d2750b85965e7e399bec1620232797dc", "666b0ee4a7a1220f65d367617f2cd3ffddff3e205f3f16a0284df30e774c2a9c"]
pathlib2 = ["2156525d6576d21c4dcaddfa427fae887ef89a7a9de5cbfe0728b3aafa78427e", "446014523bb9be5c28128c4d2a10ad6bb60769e78bd85658fe44a450674e0ef8"]
pbr = ["0ca44dc9fd3b04a22297c2a91082d8df2894862e8f4c86a49dac69eae9e85ca0", "4aed6c1b1fa5020def0f22aed663d87b81bb3235f112490b07d2643d7a98c5b5"]
pexpect = ["2094eefdfcf37a1fdbfb9aa090862c1a4878e5c7e0e7e7088bdb511c558e5cd1", "9e2c1fd0e6ee3a49b28f95d4b33bc389c89b20af6a1255906e90ff1262ce62eb"]
pickleshare = ["87683d47965c1da65cdacaf31c8441d12b8044cdec9aca500cd78fc2c683afca", "9649af414d74d4df115d5d718f82acb59c9d418196b7b4290ed47a12ce62df56"]
pluggy = ["0825a152ac059776623854c1543d65a4ad408eb3d33ee114dff91e57ec6ae6fc", "b9817417e95936bf75d85d3f8767f7df6cdde751fc40aed3bb3074cbcb77757c"]
prompt-toolkit = ["11adf3389a996a6d45cc277580d0d53e8a5afd281d0c9ec71b28e6f121463780", "2519ad1d8038fd5fc8e770362237ad0364d16a7650fb5724af6997ed5515e3c1", "977c6583ae813a37dc1c2e1b715892461fcbdaa57f6fc62f33a528c4886c8f55"]
ptyprocess = ["923f299cc5ad920c68f2bc0bc98b75b9f838b93b599941a6b63ddbc2476394c0", "d7cc528d76e76342423ca640335bd3633420dc1366f258cb31d05e865ef5ca1f"]
py = ["64f65755aee5b381cea27766a3a147c3f15b9b6b9ac88676de66ba2ae36793fa", "dc639b046a6e2cff5bbe40194ad65936d6ba360b52b3c3fe1d08a82dd50b5e53"]
pycodestyle = ["95a2219d12372f05704562a14ec30bc76b05a5b297b21a5dfe3f6fac3491ae56", "e40a936c9a450ad81df37f549d676d127b1b66000a6c500caa2b085bc0ca976c"]
pycparser = ["a988718abfad80b6b157acce7bf130a30876d27603738ac39f140993246b25b3"]
pygments = ["71e430bc85c88a430f000ac1d9b331d2407f681d6f6aec95e8bcfbc3df5b0127", "881c4c157e45f30af185c1ffe8d549d48ac9127433f2c380c24b84572ad66297"]
pyparsing = ["43c5486cefefa536c9aab528881c992328f020eefe4f6d06332449c365218580", "d6c5ffe9d0305b9b977f7a642d36b9370954d1da7ada4c62393382cbadad4265"]
pyrsistent = ["50cffebc87ca91b9d4be2dcc2e479272bcb466b5a0487b6c271f7ddea6917e14"]
pytest = ["6ef6d06de77ce2961156013e9dff62f1b2688aa04d0dc244299fe7d67e09370d", "a736fed91c12681a7b34617c8fcefe39ea04599ca72c608751c31d89579a3f77"]
pytest-cov = ["2b097cde81a302e1047331b48cadacf23577e431b61e9c6f49a1170bbe3d3da6", "e00ea4fdde970725482f1f35630d12f074e121a23801aabf2ae154ec6bdd343a"]
pytest-forked = ["5fe33fbd07d7b1302c95310803a5e5726a4ff7f19d5a542b7ce57c76fed8135f", "d352aaced2ebd54d42a65825722cb433004b4446ab5d2044851d9cc7a00c9e38"]
pytest-mock = ["43ce4e9dd5074993e7c021bb1c22cbb5363e612a2b5a76bc6d956775b10758b7", "5bf5771b1db93beac965a7347dc81c675ec4090cb841e49d9d34637a25c30568"]
pytest-ordering = ["27fba3fc265f5d0f8597e7557885662c1bdc1969497cd58aff6ed21c3b617de2", "3f314a178dbeb6777509548727dc69edf22d6d9a2867bf2d310ab85c403380b6", "561ad653626bb171da78e682f6d39ac33bb13b3e272d406cd555adb6b006bda6"]
pytest-trio = ["6a50e9585ebbb0ce9ae83d33bde7865952d76c4d4b8759a0345a551f113d468c", "848c2ba632d9c2d4e2770fe4eb149c8db69ecefc9239e2e6f77c41d9a2393d5e"]
pytest-xdist = ["3489d91516d7847db5eaecff7a2e623dba68984835dbe6cedb05ae126c4fb17f", "501795cb99e567746f30fe78850533d4cd500c93794128e6ab9988e92a17b1f8"]
six = ["3350809f0555b11f552448330d0b52d5f24c91a322ea4a15ef22629740f3761c", "d16a0141ec1a18405cd4ce8b4613101da75da0e9a7aec5bdd4fa804d0e0eba73"]
sniffio = ["20ed6d5b46f8ae136d00b9dcb807615d83ed82ceea6b2058cecb696765246da5", "8e3810100f69fe0edd463d02ad407112542a11ffdc29f67db2bf3771afb87a21"]
sortedcontainers = ["974e9a32f56b17c1bac2aebd9dcf197f3eb9cd30553c5852a3187ad162e1a03a", "d9e96492dd51fae31e60837736b38fe42a187b5404c16606ff7ee7cd582d4c60"]
toml = ["229f81c57791a41d65e399fc06bf0848bab550a9dfd5ed66df18ce5f05e73d5c", "235682dd292d5899d361a811df37e04a8828a5b1da3115886b73cf81ebc9100e", "f1db651f9657708513243e61e6cc67d101a39bad662eaa9b5546f789338e07a3"]
tox = ["dab0b0160dd187b654fc33d690ee1d7bf328bd5b8dc6ef3bb3cc468969c659ba", "ee35ffce74933a6c6ac10c9a0182e41763140a5a5070e21b114feca56eaccdcd"]
traitlets = ["9c4bd2d267b7153df9152698efb1050a5d84982d3384a37b2c1f7723ba3e7835", "c6cb5e6f57c5a9bdaa40fa71ce7b4af30298fbab9ece9815b5d995ab6217c7d9"]
trio = ["3796774aedbf5be581c68f98c79b565654876de6e9a01c6a95e3ec6cd4e4b4c3", "b0c03d312c300a947e54e204be88255992434e824374b7d3cc886876dab9a542"]
virtualenv = ["5fe3719f0185cc6d4e7ebb2d3b73bfadbebaaf0afa73fb312ec8b193ef8335b3", "d0158c9784570aab78cbb1e4dc59938de128d38e20e5271d9997ada4b417012c"]
wcwidth = ["3df37372226d6e63e1b1e1eda15c594bca98a22d33a23832a90998faa96bc65e", "f4ebe71925af7b40a864553f761ed559b43544f8f71746c2d756c7fe788ade7c"]
win-unicode-console = ["d4142d4d56d46f449d6f00536a73625a871cba040f0bc1a2e305a04578f07d1e"]
zipp = ["4970c3758f4e89a7857a973b1e2a5d75bcdc47794442f2e2dd4fe8e0466e809a", "8a5712cfd3bb4248015eb3b0b3c54a5f6ee3f2425963ef2a0125b8bc40aafaec"]
"zope.interface" = ["086707e0f413ff8800d9c4bc26e174f7ee4c9c8b0302fbad68d083071822316c", "1157b1ec2a1f5bf45668421e3955c60c610e31913cc695b407a574efdbae1f7b", "11ebddf765bff3bbe8dbce10c86884d87f90ed66ee410a7e6c392086e2c63d02", "14b242d53f6f35c2d07aa2c0e13ccb710392bcd203e1b82a1828d216f6f6b11f", "1b3d0dcabc7c90b470e59e38a9acaa361be43b3a6ea644c0063951964717f0e5", "20a12ab46a7e72b89ce0671e7d7a6c3c1ca2c2766ac98112f78c5bddaa6e4375", "298f82c0ab1b182bd1f34f347ea97dde0fffb9ecf850ecf7f8904b8442a07487", "2f6175722da6f23dbfc76c26c241b67b020e1e83ec7fe93c9e5d3dd18667ada2", "3b877de633a0f6d81b600624ff9137312d8b1d0f517064dfc39999352ab659f0", "4265681e77f5ac5bac0905812b828c9fe1ce80c6f3e3f8574acfb5643aeabc5b", "550695c4e7313555549aa1cdb978dc9413d61307531f123558e438871a883d63", "5f4d42baed3a14c290a078e2696c5f565501abde1b2f3f1a1c0a94fbf6fbcc39", "62dd71dbed8cc6a18379700701d959307823b3b2451bdc018594c48956ace745", "7040547e5b882349c0a2cc9b50674b1745db551f330746af434aad4f09fba2cc", "7e099fde2cce8b29434684f82977db4e24f0efa8b0508179fce1602d103296a2", "7e5c9a5012b2b33e87980cee7d1c82412b2ebabcb5862d53413ba1a2cfde23aa", "81295629128f929e73be4ccfdd943a0906e5fe3cdb0d43ff1e5144d16fbb52b1", "95cc574b0b83b85be9917d37cd2fad0ce5a0d21b024e1a5804d044aabea636fc", "968d5c5702da15c5bf8e4a6e4b67a4d92164e334e9c0b6acf080106678230b98", "9e998ba87df77a85c7bed53240a7257afe51a07ee6bc3445a0bf841886da0b97", "a0c39e2535a7e9c195af956610dba5a1073071d2d85e9d2e5d789463f63e52ab", "a15e75d284178afe529a536b0e8b28b7e107ef39626a7809b4ee64ff3abc9127", "a6a6ff82f5f9b9702478035d8f6fb6903885653bff7ec3a1e011edc9b1a7168d", "b639f72b95389620c1f881d94739c614d385406ab1d6926a9ffe1c8abbea23fe", "bad44274b151d46619a7567010f7cde23a908c6faa84b97598fd2f474a0c6891", "bbcef00d09a30948756c5968863316c949d9cedbc7aabac5e8f0ffbdb632e5f1", "d788a3999014ddf416f2dc454efa4a5dbeda657c6aba031cf363741273804c6b", "eed88ae03e1ef3a75a0e96a55a99d7937ed03e53d0cffc2451c208db445a2966", "f99451f3a579e73b5dd58b1b08d1179791d49084371d9a47baad3b22417f0317"]
